
Microsoft Visual Studio Solution File, Format Version 12.00
# Visual Studio Version 16
VisualStudioVersion = 16.0.29009.5
MinimumVisualStudioVersion = 10.0.40219.1
Project("{FAE04EC0-301F-11D3-BF4B-00C04F79EFBC}") = "Testing", "Testing\Testing.csproj", "{125A9A41-1A93-4610-91CB-53A48955007A}"
EndProject
Global
	GlobalSection(SolutionConfigurationPlatforms) = preSolution
		Debug|Any CPU = Debug|Any CPU
		Release|Any CPU = Release|Any CPU
	EndGlobalSection
	GlobalSection(ProjectConfigurationPlatforms) = postSolution
		{125A9A41-1A93-4610-91CB-53A48955007A}.Debug|Any CPU.ActiveCfg = Debug|Any CPU
		{125A9A41-1A93-4610-91CB-53A48955007A}.Debug|Any CPU.Build.0 = Debug|Any CPU
		{125A9A41-1A93-4610-91CB-53A48955007A}.Release|Any CPU.ActiveCfg = Release|Any CPU
		{125A9A41-1A93-4610-91CB-53A48955007A}.Release|Any CPU.Build.0 = Release|Any CPU
	EndGlobalSection
	GlobalSection(SolutionProperties) = preSolution
		HideSolutionNode = FALSE
	EndGlobalSection
	GlobalSection(ExtensibilityGlobals) = postSolution
		SolutionGuid = {BF7D3F28-451F-4D42-9B90-D02C4AA3AA36}
	EndGlobalSection
EndGlobal
